
Microsoft Visual Studio Solution File, Format Version 12.00
# Visual Studio Version 17
VisualStudioVersion = 17.11.35312.102
MinimumVisualStudioVersion = 10.0.40219.1
Project("{FAE04EC0-301F-11D3-BF4B-00C04F79EFBC}") = "GettingStarted.Ava", "GettingStarted.Ava\GettingStarted.Ava.csproj", "{A0BC16AC-3DB3-40CC-BBAC-612190EB6E29}"
EndProject
Project("{FAE04EC0-301F-11D3-BF4B-00C04F79EFBC}") = "GettingStartet.AvaMVVM", "GettingStartet.AvaMVVM\GettingStartet.AvaMVVM.csproj", "{57438695-C3BD-45B2-B013-51A4ADFC1A00}"
EndProject
Global
	GlobalSection(SolutionConfigurationPlatforms) = preSolution
		Debug|Any CPU = Debug|Any CPU
		Release|Any CPU = Release|Any CPU
	EndGlobalSection
	GlobalSection(ProjectConfigurationPlatforms) = postSolution
		{A0BC16AC-3DB3-40CC-BBAC-612190EB6E29}.Debug|Any CPU.ActiveCfg = Debug|Any CPU
		{A0BC16AC-3DB3-40CC-BBAC-612190EB6E29}.Debug|Any CPU.Build.0 = Debug|Any CPU
		{A0BC16AC-3DB3-40CC-BBAC-612190EB6E29}.Release|Any CPU.ActiveCfg = Release|Any CPU
		{A0BC16AC-3DB3-40CC-BBAC-612190EB6E29}.Release|Any CPU.Build.0 = Release|Any CPU
		{57438695-C3BD-45B2-B013-51A4ADFC1A00}.Debug|Any CPU.ActiveCfg = Debug|Any CPU
		{57438695-C3BD-45B2-B013-51A4ADFC1A00}.Debug|Any CPU.Build.0 = Debug|Any CPU
		{57438695-C3BD-45B2-B013-51A4ADFC1A00}.Release|Any CPU.ActiveCfg = Release|Any CPU
		{57438695-C3BD-45B2-B013-51A4ADFC1A00}.Release|Any CPU.Build.0 = Release|Any CPU
	EndGlobalSection
	GlobalSection(SolutionProperties) = preSolution
		HideSolutionNode = FALSE
	EndGlobalSection
	GlobalSection(ExtensibilityGlobals) = postSolution
		SolutionGuid = {23C0ADF1-FAC8-41AC-B1DA-A7CCBDBF8DAC}
	EndGlobalSection
EndGlobal
